
Microsoft Visual Studio Solution File, Format Version 12.00
# Visual Studio 15
VisualStudioVersion = 15.0.28307.489
MinimumVisualStudioVersion = 10.0.40219.1
Project("{FAE04EC0-301F-11D3-BF4B-00C04F79EFBC}") = "UserLogin", "HomeWork\UserLogin.csproj", "{7AC7B71E-4163-44D7-BE97-D4835B508904}"
EndProject
Global
	GlobalSection(SolutionConfigurationPlatforms) = preSolution
		Debug|Any CPU = Debug|Any CPU
		Release|Any CPU = Release|Any CPU
	EndGlobalSection
	GlobalSection(ProjectConfigurationPlatforms) = postSolution
		{7AC7B71E-4163-44D7-BE97-D4835B508904}.Debug|Any CPU.ActiveCfg = Debug|Any CPU
		{7AC7B71E-4163-44D7-BE97-D4835B508904}.Debug|Any CPU.Build.0 = Debug|Any CPU
		{7AC7B71E-4163-44D7-BE97-D4835B508904}.Release|Any CPU.ActiveCfg = Release|Any CPU
		{7AC7B71E-4163-44D7-BE97-D4835B508904}.Release|Any CPU.Build.0 = Release|Any CPU
	EndGlobalSection
	GlobalSection(SolutionProperties) = preSolution
		HideSolutionNode = FALSE
	EndGlobalSection
	GlobalSection(ExtensibilityGlobals) = postSolution
		SolutionGuid = {51C781E5-1B7A-4441-B4CC-7D06AEB6C3C3}
	EndGlobalSection
EndGlobal
